
Microsoft Visual Studio Solution File, Format Version 12.00
# Visual Studio Version 17
VisualStudioVersion = 17.11.35303.130
MinimumVisualStudioVersion = 10.0.40219.1
Project("{FAE04EC0-301F-11D3-BF4B-00C04F79EFBC}") = "Lab6AtPTask2", "Lab6AtPTask2.csproj", "{2D420481-0D63-449A-B8F6-AA3D6C4C2CE8}"
EndProject
Global
	GlobalSection(SolutionConfigurationPlatforms) = preSolution
		Debug|Any CPU = Debug|Any CPU
		Release|Any CPU = Release|Any CPU
	EndGlobalSection
	GlobalSection(ProjectConfigurationPlatforms) = postSolution
		{2D420481-0D63-449A-B8F6-AA3D6C4C2CE8}.Debug|Any CPU.ActiveCfg = Debug|Any CPU
		{2D420481-0D63-449A-B8F6-AA3D6C4C2CE8}.Debug|Any CPU.Build.0 = Debug|Any CPU
		{2D420481-0D63-449A-B8F6-AA3D6C4C2CE8}.Release|Any CPU.ActiveCfg = Release|Any CPU
		{2D420481-0D63-449A-B8F6-AA3D6C4C2CE8}.Release|Any CPU.Build.0 = Release|Any CPU
	EndGlobalSection
	GlobalSection(SolutionProperties) = preSolution
		HideSolutionNode = FALSE
	EndGlobalSection
	GlobalSection(ExtensibilityGlobals) = postSolution
		SolutionGuid = {564A169A-7B44-4F5F-B573-2CAD0D012F10}
	EndGlobalSection
EndGlobal
